name: v_$nonlogged_block
fullyQualifiedName: oracle_test.default.sys.v_$nonlogged_block
tableType: View
columns:
  - name: FILE#
    dataType: NUMBER
    dataLength: 1
    dataTypeDisplay: number
    fullyQualifiedName: oracle_test.default.sys.v_$nonlogged_block.FILE#
    tags: []
    constraint: "NULL"
    children: []
    customMetrics: []
  - name: BLOCK#
    dataType: NUMBER
    dataLength: 1
    dataTypeDisplay: number
    fullyQualifiedName: oracle_test.default.sys.v_$nonlogged_block.BLOCK#
    tags: []
    constraint: "NULL"
    children: []
    customMetrics: []
  - name: blocks
    dataType: NUMBER
    dataLength: 1
    dataTypeDisplay: number
    fullyQualifiedName: oracle_test.default.sys.v_$nonlogged_block.blocks
    tags: []
    constraint: "NULL"
    children: []
    customMetrics: []
  - name: NONLOGGED_START_CHANGE#
    dataType: NUMBER
    dataLength: 1
    dataTypeDisplay: number
    fullyQualifiedName: oracle_test.default.sys.v_$nonlogged_block.NONLOGGED_START_CHANGE#
    tags: []
    constraint: "NULL"
    children: []
    customMetrics: []
  - name: nonlogged_start_time
    dataType: DATE
    dataLength: 1
    dataTypeDisplay: date
    fullyQualifiedName: oracle_test.default.sys.v_$nonlogged_block.nonlogged_start_time
    tags: []
    constraint: "NULL"
    children: []
    customMetrics: []
  - name: NONLOGGED_END_CHANGE#
    dataType: NUMBER
    dataLength: 1
    dataTypeDisplay: number
    fullyQualifiedName: oracle_test.default.sys.v_$nonlogged_block.NONLOGGED_END_CHANGE#
    tags: []
    constraint: "NULL"
    children: []
    customMetrics: []
  - name: nonlogged_end_time
    dataType: DATE
    dataLength: 1
    dataTypeDisplay: date
    fullyQualifiedName: oracle_test.default.sys.v_$nonlogged_block.nonlogged_end_time
    tags: []
    constraint: "NULL"
    children: []
    customMetrics: []
  - name: RESETLOGS_CHANGE#
    dataType: NUMBER
    dataLength: 1
    dataTypeDisplay: number
    fullyQualifiedName: oracle_test.default.sys.v_$nonlogged_block.RESETLOGS_CHANGE#
    tags: []
    constraint: "NULL"
    children: []
    customMetrics: []
  - name: resetlogs_time
    dataType: DATE
    dataLength: 1
    dataTypeDisplay: date
    fullyQualifiedName: oracle_test.default.sys.v_$nonlogged_block.resetlogs_time
    tags: []
    constraint: "NULL"
    children: []
    customMetrics: []
  - name: OBJECT#
    dataType: VARCHAR
    dataLength: 40
    dataTypeDisplay: varchar2(40)
    fullyQualifiedName: oracle_test.default.sys.v_$nonlogged_block.OBJECT#
    tags: []
    constraint: "NULL"
    children: []
    customMetrics: []
  - name: reason
    dataType: VARCHAR
    dataLength: 9
    dataTypeDisplay: varchar2(9)
    fullyQualifiedName: oracle_test.default.sys.v_$nonlogged_block.reason
    tags: []
    constraint: "NULL"
    children: []
    customMetrics: []
  - name: con_id
    dataType: NUMBER
    dataLength: 1
    dataTypeDisplay: number
    fullyQualifiedName: oracle_test.default.sys.v_$nonlogged_block.con_id
    tags: []
    constraint: "NULL"
    children: []
    customMetrics: []
tableConstraints: []
owners: []
databaseSchema:
  id: a11e2293-c7ca-4d3a-9e0f-ebcfa337159d
  type: databaseSchema
  name: sys
  fullyQualifiedName: oracle_test.default.sys
  displayName: sys
  deleted: false
database:
  id: 635299d9-9c3d-4ccc-98ff-dfb95889d8d6
  type: database
  name: default
  fullyQualifiedName: oracle_test.default
  displayName: default
  deleted: false
service:
  id: 81062063-d522-406b-92a3-ccad1f68f1ad
  type: databaseService
  name: oracle_test
  fullyQualifiedName: oracle_test
  displayName: oracle_test
  deleted: false
serviceType: Oracle
tags: []
joins:
  startDate: 2026-01-07
  dayCount: 30
  columnJoins: []
  directTableJoins: []
customMetrics: []
domains: []
dataProducts: []
sourceHash: 738db289a223b71065ca9b523c2a8ff1
processedLineage: false
entityStatus: Approved
