name: FLW_EV_DATABASECHANGELOGLOCK
fullyQualifiedName: GyoTestLocal.default.openmetadata_db.FLW_EV_DATABASECHANGELOGLOCK
tableType: Regular
columns:
  - name: ID
    dataType: INT
    dataLength: 1
    dataTypeDisplay: int
    fullyQualifiedName: GyoTestLocal.default.openmetadata_db.FLW_EV_DATABASECHANGELOGLOCK.ID
    tags: []
    constraint: PRIMARY_KEY
    children: []
    customMetrics: []
  - name: LOCKED
    dataType: BIT
    dataLength: 1
    dataTypeDisplay: bit(1)
    fullyQualifiedName: GyoTestLocal.default.openmetadata_db.FLW_EV_DATABASECHANGELOGLOCK.LOCKED
    tags: []
    constraint: NOT_NULL
    children: []
    customMetrics: []
  - name: LOCKGRANTED
    dataType: DATETIME
    dataLength: 1
    dataTypeDisplay: datetime
    fullyQualifiedName: GyoTestLocal.default.openmetadata_db.FLW_EV_DATABASECHANGELOGLOCK.LOCKGRANTED
    tags: []
    constraint: "NULL"
    children: []
    customMetrics: []
  - name: LOCKEDBY
    dataType: VARCHAR
    dataLength: 255
    dataTypeDisplay: varchar(255)
    fullyQualifiedName: GyoTestLocal.default.openmetadata_db.FLW_EV_DATABASECHANGELOGLOCK.LOCKEDBY
    tags: []
    constraint: "NULL"
    children: []
    customMetrics: []
tableConstraints: []
owners: []
databaseSchema:
  id: f48d00b8-dd4f-4116-89d1-04aefa5bb9b5
  type: databaseSchema
  name: openmetadata_db
  fullyQualifiedName: GyoTestLocal.default.openmetadata_db
  displayName: openmetadata_db
  deleted: false
database:
  id: e284e784-9db4-41f2-99a2-be1fc95fc674
  type: database
  name: default
  fullyQualifiedName: GyoTestLocal.default
  displayName: default
  deleted: false
service:
  id: fc33c634-c86c-4744-b5b9-31265788cd04
  type: databaseService
  name: GyoTestLocal
  fullyQualifiedName: GyoTestLocal
  description: ""
  displayName: GyoTestLocal
  deleted: false
serviceType: Mysql
tags: []
joins:
  startDate: 2026-01-07
  dayCount: 30
  columnJoins: []
  directTableJoins: []
customMetrics: []
domains: []
dataProducts: []
sourceHash: 86db904c6fbfc4cc1e7df5afcf35c829
processedLineage: false
entityStatus: Approved
