name: FLW_EV_DATABASECHANGELOGLOCK
fullyQualifiedName: Gyo local test mysql 20240324.dev.openmetadata_db.FLW_EV_DATABASECHANGELOGLOCK
tableType: Regular
columns:
  - name: ID
    dataType: INT
    dataLength: 1
    dataTypeDisplay: int
    fullyQualifiedName: Gyo local test mysql 20240324.dev.openmetadata_db.FLW_EV_DATABASECHANGELOGLOCK.ID
    tags: []
    constraint: PRIMARY_KEY
    children: []
    customMetrics: []
  - name: LOCKED
    dataType: BIT
    dataLength: 1
    dataTypeDisplay: bit(1)
    fullyQualifiedName: Gyo local test mysql 20240324.dev.openmetadata_db.FLW_EV_DATABASECHANGELOGLOCK.LOCKED
    tags: []
    constraint: NOT_NULL
    children: []
    customMetrics: []
  - name: LOCKGRANTED
    dataType: DATETIME
    dataLength: 1
    dataTypeDisplay: datetime
    fullyQualifiedName: Gyo local test mysql 20240324.dev.openmetadata_db.FLW_EV_DATABASECHANGELOGLOCK.LOCKGRANTED
    tags: []
    constraint: "NULL"
    children: []
    customMetrics: []
  - name: LOCKEDBY
    dataType: VARCHAR
    dataLength: 255
    dataTypeDisplay: varchar(255)
    fullyQualifiedName: Gyo local test mysql 20240324.dev.openmetadata_db.FLW_EV_DATABASECHANGELOGLOCK.LOCKEDBY
    tags: []
    constraint: "NULL"
    children: []
    customMetrics: []
tableConstraints: []
owners: []
databaseSchema:
  id: 46a47ac8-ecec-4832-a500-68963b6e3601
  type: databaseSchema
  name: openmetadata_db
  fullyQualifiedName: Gyo local test mysql 20240324.dev.openmetadata_db
  displayName: openmetadata_db
  deleted: false
database:
  id: 10d003d9-752e-4fd1-b689-f672d928d570
  type: database
  name: dev
  fullyQualifiedName: Gyo local test mysql 20240324.dev
  displayName: dev
  deleted: false
service:
  id: dd58523e-5854-4abb-a406-2ebc62218821
  type: databaseService
  name: Gyo local test mysql 20240324
  fullyQualifiedName: Gyo local test mysql 20240324
  description: ""
  displayName: Gyo local test mysql 20240324
  deleted: false
serviceType: Mysql
tags: []
joins:
  startDate: 2026-01-07
  dayCount: 30
  columnJoins: []
  directTableJoins: []
customMetrics: []
domains: []
dataProducts: []
sourceHash: c5d28905be887a1e16ca67614fe63418
processedLineage: false
entityStatus: Approved
